// !$*UTF8*$!
{
	archiveVersion = 1;
	classes = {
	};
	objectVersion = 46;
	objects = {

/* Begin PBXBuildFile section */
		200245711D8610F4000E89EC /* main.m in Sources */ = {isa = PBXBuildFile; fileRef = 200245701D8610F4000E89EC /* main.m */; };
		200245741D8610F4000E89EC /* AppDelegate.m in Sources */ = {isa = PBXBuildFile; fileRef = 200245731D8610F4000E89EC /* AppDelegate.m */; };
		200245771D8610F4000E89EC /* ViewController.m in Sources */ = {isa = PBXBuildFile; fileRef = 200245761D8610F4000E89EC /* ViewController.m */; };
		2002457A1D8610F4000E89EC /* Main.storyboard in Resources */ = {isa = PBXBuildFile; fileRef = 200245781D8610F4000E89EC /* Main.storyboard */; };
		2002457C1D8610F4000E89EC /* Assets.xcassets in Resources */ = {isa = PBXBuildFile; fileRef = 2002457B1D8610F4000E89EC /* Assets.xcassets */; };
		2002457F1D8610F4000E89EC /* LaunchScreen.storyboard in Resources */ = {isa = PBXBuildFile; fileRef = 2002457D1D8610F4000E89EC /* LaunchScreen.storyboard */; };
		200245891D86114B000E89EC /* HTTPService.m in Sources */ = {isa = PBXBuildFile; fileRef = 200245881D86114B000E89EC /* HTTPService.m */; };
		2002458D1D863FD3000E89EC /* VideoCell.m in Sources */ = {isa = PBXBuildFile; fileRef = 2002458C1D863FD3000E89EC /* VideoCell.m */; };
		200245911D86D673000E89EC /* Video.m in Sources */ = {isa = PBXBuildFile; fileRef = 200245901D86D673000E89EC /* Video.m */; };
		200245951D86E3AD000E89EC /* VideoVC.m in Sources */ = {isa = PBXBuildFile; fileRef = 200245941D86E3AD000E89EC /* VideoVC.m */; };
/* End PBXBuildFile section */

/* Begin PBXFileReference section */
		2002456C1D8610F4000E89EC /* ObjectiveCTutorials.app */ = {isa = PBXFileReference; explicitFileType = wrapper.application; includeInIndex = 0; path = ObjectiveCTutorials.app; sourceTree = BUILT_PRODUCTS_DIR; };
		200245701D8610F4000E89EC /* main.m */ = {isa = PBXFileReference; lastKnownFileType = sourcecode.c.objc; path = main.m; sourceTree = "<group>"; };
		200245721D8610F4000E89EC /* AppDelegate.h */ = {isa = PBXFileReference; lastKnownFileType = sourcecode.c.h; path = AppDelegate.h; sourceTree = "<group>"; };
		200245731D8610F4000E89EC /* AppDelegate.m */ = {isa = PBXFileReference; lastKnownFileType = sourcecode.c.objc; path = AppDelegate.m; sourceTree = "<group>"; };
		200245751D8610F4000E89EC /* ViewController.h */ = {isa = PBXFileReference; lastKnownFileType = sourcecode.c.h; path = ViewController.h; sourceTree = "<group>"; };
		200245761D8610F4000E89EC /* ViewController.m */ = {isa = PBXFileReference; lastKnownFileType = sourcecode.c.objc; path = ViewController.m; sourceTree = "<group>"; };
		200245791D8610F4000E89EC /* Base */ = {isa = PBXFileReference; lastKnownFileType = file.storyboard; name = Base; path = Base.lproj/Main.storyboard; sourceTree = "<group>"; };
		2002457B1D8610F4000E89EC /* Assets.xcassets */ = {isa = PBXFileReference; lastKnownFileType = folder.assetcatalog; path = Assets.xcassets; sourceTree = "<group>"; };
		2002457E1D8610F4000E89EC /* Base */ = {isa = PBXFileReference; lastKnownFileType = file.storyboard; name = Base; path = Base.lproj/LaunchScreen.storyboard; sourceTree = "<group>"; };
		200245801D8610F4000E89EC /* Info.plist */ = {isa = PBXFileReference; lastKnownFileType = text.plist.xml; path = Info.plist; sourceTree = "<group>"; };
		200245871D86114B000E89EC /* HTTPService.h */ = {isa = PBXFileReference; fileEncoding = 4; lastKnownFileType = sourcecode.c.h; path = HTTPService.h; sourceTree = "<group>"; };
		200245881D86114B000E89EC /* HTTPService.m */ = {isa = PBXFileReference; fileEncoding = 4; lastKnownFileType = sourcecode.c.objc; path = HTTPService.m; sourceTree = "<group>"; };
		2002458B1D863FD3000E89EC /* VideoCell.h */ = {isa = PBXFileReference; fileEncoding = 4; lastKnownFileType = sourcecode.c.h; path = VideoCell.h; sourceTree = "<group>"; };
		2002458C1D863FD3000E89EC /* VideoCell.m */ = {isa = PBXFileReference; fileEncoding = 4; lastKnownFileType = sourcecode.c.objc; path = VideoCell.m; sourceTree = "<group>"; };
		2002458F1D86D673000E89EC /* Video.h */ = {isa = PBXFileReference; fileEncoding = 4; lastKnownFileType = sourcecode.c.h; path = Video.h; sourceTree = "<group>"; };
		200245901D86D673000E89EC /* Video.m */ = {isa = PBXFileReference; fileEncoding = 4; lastKnownFileType = sourcecode.c.objc; path = Video.m; sourceTree = "<group>"; };
		200245931D86E3AD000E89EC /* VideoVC.h */ = {isa = PBXFileReference; fileEncoding = 4; lastKnownFileType = sourcecode.c.h; path = VideoVC.h; sourceTree = "<group>"; };
		200245941D86E3AD000E89EC /* VideoVC.m */ = {isa = PBXFileReference; fileEncoding = 4; lastKnownFileType = sourcecode.c.objc; path = VideoVC.m; sourceTree = "<group>"; };
/* End PBXFileReference section */

/* Begin PBXFrameworksBuildPhase section */
		200245691D8610F4000E89EC /* Frameworks */ = {
			isa = PBXFrameworksBuildPhase;
			buildActionMask = 2147483647;
			files = (
			);
			runOnlyForDeploymentPostprocessing = 0;
		};
/* End PBXFrameworksBuildPhase section */

/* Begin PBXGroup section */
		200245631D8610F4000E89EC = {
			isa = PBXGroup;
			children = (
				2002456E1D8610F4000E89EC /* ObjectiveCTutorials */,
				2002456D1D8610F4000E89EC /* Products */,
			);
			sourceTree = "<group>";
		};
		2002456D1D8610F4000E89EC /* Products */ = {
			isa = PBXGroup;
			children = (
				2002456C1D8610F4000E89EC /* ObjectiveCTutorials.app */,
			);
			name = Products;
			sourceTree = "<group>";
		};
		2002456E1D8610F4000E89EC /* ObjectiveCTutorials */ = {
			isa = PBXGroup;
			children = (
				200245921D86E377000E89EC /* Controller */,
				2002458E1D86D65D000E89EC /* Model */,
				2002458A1D863FAA000E89EC /* View */,
				200245861D861119000E89EC /* Services */,
				200245721D8610F4000E89EC /* AppDelegate.h */,
				200245731D8610F4000E89EC /* AppDelegate.m */,
				200245781D8610F4000E89EC /* Main.storyboard */,
				2002457B1D8610F4000E89EC /* Assets.xcassets */,
				2002457D1D8610F4000E89EC /* LaunchScreen.storyboard */,
				200245801D8610F4000E89EC /* Info.plist */,
				2002456F1D8610F4000E89EC /* Supporting Files */,
			);
			path = ObjectiveCTutorials;
			sourceTree = "<group>";
		};
		2002456F1D8610F4000E89EC /* Supporting Files */ = {
			isa = PBXGroup;
			children = (
				200245701D8610F4000E89EC /* main.m */,
			);
			name = "Supporting Files";
			sourceTree = "<group>";
		};
		200245861D861119000E89EC /* Services */ = {
			isa = PBXGroup;
			children = (
				200245871D86114B000E89EC /* HTTPService.h */,
				200245881D86114B000E89EC /* HTTPService.m */,
			);
			name = Services;
			sourceTree = "<group>";
		};
		2002458A1D863FAA000E89EC /* View */ = {
			isa = PBXGroup;
			children = (
				2002458B1D863FD3000E89EC /* VideoCell.h */,
				2002458C1D863FD3000E89EC /* VideoCell.m */,
			);
			name = View;
			sourceTree = "<group>";
		};
		2002458E1D86D65D000E89EC /* Model */ = {
			isa = PBXGroup;
			children = (
				2002458F1D86D673000E89EC /* Video.h */,
				200245901D86D673000E89EC /* Video.m */,
			);
			name = Model;
			sourceTree = "<group>";
		};
		200245921D86E377000E89EC /* Controller */ = {
			isa = PBXGroup;
			children = (
				200245751D8610F4000E89EC /* ViewController.h */,
				200245761D8610F4000E89EC /* ViewController.m */,
				200245931D86E3AD000E89EC /* VideoVC.h */,
				200245941D86E3AD000E89EC /* VideoVC.m */,
			);
			name = Controller;
			sourceTree = "<group>";
		};
/* End PBXGroup section */

/* Begin PBXNativeTarget section */
		2002456B1D8610F4000E89EC /* ObjectiveCTutorials */ = {
			isa = PBXNativeTarget;
			buildConfigurationList = 200245831D8610F4000E89EC /* Build configuration list for PBXNativeTarget "ObjectiveCTutorials" */;
			buildPhases = (
				200245681D8610F4000E89EC /* Sources */,
				200245691D8610F4000E89EC /* Frameworks */,
				2002456A1D8610F4000E89EC /* Resources */,
			);
			buildRules = (
			);
			dependencies = (
			);
			name = ObjectiveCTutorials;
			productName = ObjectiveCTutorials;
			productReference = 2002456C1D8610F4000E89EC /* ObjectiveCTutorials.app */;
			productType = "com.apple.product-type.application";
		};
/* End PBXNativeTarget section */

/* Begin PBXProject section */
		200245641D8610F4000E89EC /* Project object */ = {
			isa = PBXProject;
			attributes = {
				LastUpgradeCheck = 0800;
				ORGANIZATIONNAME = "Rickey Hrabowskie";
				TargetAttributes = {
					2002456B1D8610F4000E89EC = {
						CreatedOnToolsVersion = 8.0;
						DevelopmentTeam = XC48HTB69A;
						ProvisioningStyle = Automatic;
					};
				};
			};
			buildConfigurationList = 200245671D8610F4000E89EC /* Build configuration list for PBXProject "ObjectiveCTutorials" */;
			compatibilityVersion = "Xcode 3.2";
			developmentRegion = English;
			hasScannedForEncodings = 0;
			knownRegions = (
				en,
				Base,
			);
			mainGroup = 200245631D8610F4000E89EC;
			productRefGroup = 2002456D1D8610F4000E89EC /* Products */;
			projectDirPath = "";
			projectRoot = "";
			targets = (
				2002456B1D8610F4000E89EC /* ObjectiveCTutorials */,
			);
		};
/* End PBXProject section */

/* Begin PBXResourcesBuildPhase section */
		2002456A1D8610F4000E89EC /* Resources */ = {
			isa = PBXResourcesBuildPhase;
			buildActionMask = 2147483647;
			files = (
				2002457F1D8610F4000E89EC /* LaunchScreen.storyboard in Resources */,
				2002457C1D8610F4000E89EC /* Assets.xcassets in Resources */,
				2002457A1D8610F4000E89EC /* Main.storyboard in Resources */,
			);
			runOnlyForDeploymentPostprocessing = 0;
		};
/* End PBXResourcesBuildPhase section */

/* Begin PBXSourcesBuildPhase section */
		200245681D8610F4000E89EC /* Sources */ = {
			isa = PBXSourcesBuildPhase;
			buildActionMask = 2147483647;
			files = (
				200245771D8610F4000E89EC /* ViewController.m in Sources */,
				2002458D1D863FD3000E89EC /* VideoCell.m in Sources */,
				200245891D86114B000E89EC /* HTTPService.m in Sources */,
				200245911D86D673000E89EC /* Video.m in Sources */,
				200245951D86E3AD000E89EC /* VideoVC.m in Sources */,
				200245741D8610F4000E89EC /* AppDelegate.m in Sources */,
				200245711D8610F4000E89EC /* main.m in Sources */,
			);
			runOnlyForDeploymentPostprocessing = 0;
		};
/* End PBXSourcesBuildPhase section */

/* Begin PBXVariantGroup section */
		200245781D8610F4000E89EC /* Main.storyboard */ = {
			isa = PBXVariantGroup;
			children = (
				200245791D8610F4000E89EC /* Base */,
			);
			name = Main.storyboard;
			sourceTree = "<group>";
		};
		2002457D1D8610F4000E89EC /* LaunchScreen.storyboard */ = {
			isa = PBXVariantGroup;
			children = (
				2002457E1D8610F4000E89EC /* Base */,
			);
			name = LaunchScreen.storyboard;
			sourceTree = "<group>";
		};
/* End PBXVariantGroup section */

/* Begin XCBuildConfiguration section */
		200245811D8610F4000E89EC /* Debug */ = {
			isa = XCBuildConfiguration;
			buildSettings = {
				ALWAYS_SEARCH_USER_PATHS = NO;
				CLANG_ANALYZER_NONNULL = YES;
				CLANG_CXX_LANGUAGE_STANDARD = "gnu++0x";
				CLANG_CXX_LIBRARY = "libc++";
				CLANG_ENABLE_MODULES = YES;
				CLANG_ENABLE_OBJC_ARC = YES;
				CLANG_WARN_BOOL_CONVERSION = YES;
				CLANG_WARN_CONSTANT_CONVERSION = YES;
				CLANG_WARN_DIRECT_OBJC_ISA_USAGE = YES_ERROR;
				CLANG_WARN_DOCUMENTATION_COMMENTS = YES;
				CLANG_WARN_EMPTY_BODY = YES;
				CLANG_WARN_ENUM_CONVERSION = YES;
				CLANG_WARN_INFINITE_RECURSION = YES;
				CLANG_WARN_INT_CONVERSION = YES;
				CLANG_WARN_OBJC_ROOT_CLASS = YES_ERROR;
				CLANG_WARN_SUSPICIOUS_MOVES = YES;
				CLANG_WARN_UNREACHABLE_CODE = YES;
				CLANG_WARN__DUPLICATE_METHOD_MATCH = YES;
				"CODE_SIGN_IDENTITY[sdk=iphoneos*]" = "iPhone Developer";
				COPY_PHASE_STRIP = NO;
				DEBUG_INFORMATION_FORMAT = dwarf;
				ENABLE_STRICT_OBJC_MSGSEND = YES;
				ENABLE_TESTABILITY = YES;
				GCC_C_LANGUAGE_STANDARD = gnu99;
				GCC_DYNAMIC_NO_PIC = NO;
				GCC_NO_COMMON_BLOCKS = YES;
				GCC_OPTIMIZATION_LEVEL = 0;
				GCC_PREPROCESSOR_DEFINITIONS = (
					"DEBUG=1",
					"$(inherited)",
				);
				GCC_WARN_64_TO_32_BIT_CONVERSION = YES;
				GCC_WARN_ABOUT_RETURN_TYPE = YES_ERROR;
				GCC_WARN_UNDECLARED_SELECTOR = YES;
				GCC_WARN_UNINITIALIZED_AUTOS = YES_AGGRESSIVE;
				GCC_WARN_UNUSED_FUNCTION = YES;
				GCC_WARN_UNUSED_VARIABLE = YES;
				IPHONEOS_DEPLOYMENT_TARGET = 10.0;
				MTL_ENABLE_DEBUG_INFO = YES;
				ONLY_ACTIVE_ARCH = YES;
				SDKROOT = iphoneos;
				TARGETED_DEVICE_FAMILY = "1,2";
			};
			name = Debug;
		};
		200245821D8610F4000E89EC /* Release */ = {
			isa = XCBuildConfiguration;
			buildSettings = {
				ALWAYS_SEARCH_USER_PATHS = NO;
				CLANG_ANALYZER_NONNULL = YES;
				CLANG_CXX_LANGUAGE_STANDARD = "gnu++0x";
				CLANG_CXX_LIBRARY = "libc++";
				CLANG_ENABLE_MODULES = YES;
				CLANG_ENABLE_OBJC_ARC = YES;
				CLANG_WARN_BOOL_CONVERSION = YES;
				CLANG_WARN_CONSTANT_CONVERSION = YES;
				CLANG_WARN_DIRECT_OBJC_ISA_USAGE = YES_ERROR;
				CLANG_WARN_DOCUMENTATION_COMMENTS = YES;
				CLANG_WARN_EMPTY_BODY = YES;
				CLANG_WARN_ENUM_CONVERSION = YES;
				CLANG_WARN_INFINITE_RECURSION = YES;
				CLANG_WARN_INT_CONVERSION = YES;
				CLANG_WARN_OBJC_ROOT_CLASS = YES_ERROR;
				CLANG_WARN_SUSPICIOUS_MOVES = YES;
				CLANG_WARN_UNREACHABLE_CODE = YES;
				CLANG_WARN__DUPLICATE_METHOD_MATCH = YES;
				"CODE_SIGN_IDENTITY[sdk=iphoneos*]" = "iPhone Developer";
				COPY_PHASE_STRIP = NO;
				DEBUG_INFORMATION_FORMAT = "dwarf-with-dsym";
				ENABLE_NS_ASSERTIONS = NO;
				ENABLE_STRICT_OBJC_MSGSEND = YES;
				GCC_C_LANGUAGE_STANDARD = gnu99;
				GCC_NO_COMMON_BLOCKS = YES;
				GCC_WARN_64_TO_32_BIT_CONVERSION = YES;
				GCC_WARN_ABOUT_RETURN_TYPE = YES_ERROR;
				GCC_WARN_UNDECLARED_SELECTOR = YES;
				GCC_WARN_UNINITIALIZED_AUTOS = YES_AGGRESSIVE;
				GCC_WARN_UNUSED_FUNCTION = YES;
				GCC_WARN_UNUSED_VARIABLE = YES;
				IPHONEOS_DEPLOYMENT_TARGET = 10.0;
				MTL_ENABLE_DEBUG_INFO = NO;
				SDKROOT = iphoneos;
				TARGETED_DEVICE_FAMILY = "1,2";
				VALIDATE_PRODUCT = YES;
			};
			name = Release;
		};
		200245841D8610F4000E89EC /* Debug */ = {
			isa = XCBuildConfiguration;
			buildSettings = {
				ASSETCATALOG_COMPILER_APPICON_NAME = AppIcon;
				DEVELOPMENT_TEAM = XC48HTB69A;
				INFOPLIST_FILE = ObjectiveCTutorials/Info.plist;
				LD_RUNPATH_SEARCH_PATHS = "$(inherited) @executable_path/Frameworks";
				PRODUCT_BUNDLE_IDENTIFIER = com.rickeyHrabowskie.ObjectiveCTutorials;
				PRODUCT_NAME = "$(TARGET_NAME)";
			};
			name = Debug;
		};
		200245851D8610F4000E89EC /* Release */ = {
			isa = XCBuildConfiguration;
			buildSettings = {
				ASSETCATALOG_COMPILER_APPICON_NAME = AppIcon;
				DEVELOPMENT_TEAM = XC48HTB69A;
				INFOPLIST_FILE = ObjectiveCTutorials/Info.plist;
				LD_RUNPATH_SEARCH_PATHS = "$(inherited) @executable_path/Frameworks";
				PRODUCT_BUNDLE_IDENTIFIER = com.rickeyHrabowskie.ObjectiveCTutorials;
				PRODUCT_NAME = "$(TARGET_NAME)";
			};
			name = Release;
		};
/* End XCBuildConfiguration section */

/* Begin XCConfigurationList section */
		200245671D8610F4000E89EC /* Build configuration list for PBXProject "ObjectiveCTutorials" */ = {
			isa = XCConfigurationList;
			buildConfigurations = (
				200245811D8610F4000E89EC /* Debug */,
				200245821D8610F4000E89EC /* Release */,
			);
			defaultConfigurationIsVisible = 0;
			defaultConfigurationName = Release;
		};
		200245831D8610F4000E89EC /* Build configuration list for PBXNativeTarget "ObjectiveCTutorials" */ = {
			isa = XCConfigurationList;
			buildConfigurations = (
				200245841D8610F4000E89EC /* Debug */,
				200245851D8610F4000E89EC /* Release */,
			);
			defaultConfigurationIsVisible = 0;
		};
/* End XCConfigurationList section */
	};
	rootObject = 200245641D8610F4000E89EC /* Project object */;
}
